
Microsoft Visual Studio Solution File, Format Version 12.00
# Visual Studio Version 17
VisualStudioVersion = 17.7.34009.444
MinimumVisualStudioVersion = 10.0.40219.1
Project("{9A19103F-16F7-4668-BE54-9A1E7A4F7556}") = "OrderGenerator", "OrderGenerator\OrderGenerator.csproj", "{2F7EF54B-945F-4D82-9E5D-45B39CFE890F}"
EndProject
Project("{FAE04EC0-301F-11D3-BF4B-00C04F79EFBC}") = "OrderProcessor", "OrderProcessor\OrderProcessor.csproj", "{ECC0C15F-6AC9-43DD-93A1-F736D5AAA9F1}"
EndProject
Project("{FAE04EC0-301F-11D3-BF4B-00C04F79EFBC}") = "Contracts", "Contracts\Contracts.csproj", "{D43E77B5-61FC-4E8C-8DA7-3873F70142E7}"
EndProject
Global
	GlobalSection(SolutionConfigurationPlatforms) = preSolution
		Debug|Any CPU = Debug|Any CPU
		Release|Any CPU = Release|Any CPU
	EndGlobalSection
	GlobalSection(ProjectConfigurationPlatforms) = postSolution
		{2F7EF54B-945F-4D82-9E5D-45B39CFE890F}.Debug|Any CPU.ActiveCfg = Debug|Any CPU
		{2F7EF54B-945F-4D82-9E5D-45B39CFE890F}.Debug|Any CPU.Build.0 = Debug|Any CPU
		{2F7EF54B-945F-4D82-9E5D-45B39CFE890F}.Release|Any CPU.ActiveCfg = Release|Any CPU
		{2F7EF54B-945F-4D82-9E5D-45B39CFE890F}.Release|Any CPU.Build.0 = Release|Any CPU
		{ECC0C15F-6AC9-43DD-93A1-F736D5AAA9F1}.Debug|Any CPU.ActiveCfg = Debug|Any CPU
		{ECC0C15F-6AC9-43DD-93A1-F736D5AAA9F1}.Debug|Any CPU.Build.0 = Debug|Any CPU
		{ECC0C15F-6AC9-43DD-93A1-F736D5AAA9F1}.Release|Any CPU.ActiveCfg = Release|Any CPU
		{ECC0C15F-6AC9-43DD-93A1-F736D5AAA9F1}.Release|Any CPU.Build.0 = Release|Any CPU
		{D43E77B5-61FC-4E8C-8DA7-3873F70142E7}.Debug|Any CPU.ActiveCfg = Debug|Any CPU
		{D43E77B5-61FC-4E8C-8DA7-3873F70142E7}.Debug|Any CPU.Build.0 = Debug|Any CPU
		{D43E77B5-61FC-4E8C-8DA7-3873F70142E7}.Release|Any CPU.ActiveCfg = Release|Any CPU
		{D43E77B5-61FC-4E8C-8DA7-3873F70142E7}.Release|Any CPU.Build.0 = Release|Any CPU
	EndGlobalSection
	GlobalSection(SolutionProperties) = preSolution
		HideSolutionNode = FALSE
	EndGlobalSection
	GlobalSection(ExtensibilityGlobals) = postSolution
		SolutionGuid = {3AB3912F-63DE-4025-A1C4-06C259222ED6}
	EndGlobalSection
EndGlobal
